// !$*UTF8*$!
{
 archiveVersion = 1;
 classes = {};
 objectVersion = 77;
 objects = {
  000000000000000000000065 = { isa = PBXFileSystemSynchronizedRootGroup; path = App; sourceTree = "<group>"; };
  000000000000000000000066 = { isa = PBXFileReference; explicitFileType = wrapper.application; includeInIndex = 0; path = IDPhotoSpike.app; sourceTree = BUILT_PRODUCTS_DIR; };
  000000000000000000000068 = { isa = PBXSourcesBuildPhase; buildActionMask = 2147483647; files = (); runOnlyForDeploymentPostprocessing = 0; };
  000000000000000000000069 = { isa = PBXResourcesBuildPhase; buildActionMask = 2147483647; files = (); runOnlyForDeploymentPostprocessing = 0; };
  00000000000000000000006A = { isa = PBXFrameworksBuildPhase; buildActionMask = 2147483647; files = (); runOnlyForDeploymentPostprocessing = 0; };
  00000000000000000000006E = { isa = XCBuildConfiguration; buildSettings = { PRODUCT_BUNDLE_IDENTIFIER = "com.jarbasferro.IDPhotoSpike"; PRODUCT_NAME = "$(TARGET_NAME)"; GENERATE_INFOPLIST_FILE = "YES"; CODE_SIGN_STYLE = "Automatic"; TARGETED_DEVICE_FAMILY = "1"; SWIFT_EMIT_LOC_STRINGS = "YES"; INFOPLIST_KEY_CFBundleDisplayName = "Foto carnet"; INFOPLIST_KEY_LSApplicationCategoryType = "public.app-category.photography"; INFOPLIST_KEY_UIApplicationSceneManifest_Generation = "YES"; INFOPLIST_KEY_UIApplicationSupportsIndirectInputEvents = "YES"; INFOPLIST_KEY_UILaunchScreen_Generation = "YES"; INFOPLIST_KEY_UISupportedInterfaceOrientations = "UIInterfaceOrientationPortrait UIInterfaceOrientationLandscapeLeft UIInterfaceOrientationLandscapeRight"; MARKETING_VERSION = "0.1.0"; CURRENT_PROJECT_VERSION = "1"; }; name = Debug; };
  00000000000000000000006F = { isa = XCBuildConfiguration; buildSettings = { PRODUCT_BUNDLE_IDENTIFIER = "com.jarbasferro.IDPhotoSpike"; PRODUCT_NAME = "$(TARGET_NAME)"; GENERATE_INFOPLIST_FILE = "YES"; CODE_SIGN_STYLE = "Automatic"; TARGETED_DEVICE_FAMILY = "1"; SWIFT_EMIT_LOC_STRINGS = "YES"; INFOPLIST_KEY_CFBundleDisplayName = "Foto carnet"; INFOPLIST_KEY_LSApplicationCategoryType = "public.app-category.photography"; INFOPLIST_KEY_UIApplicationSceneManifest_Generation = "YES"; INFOPLIST_KEY_UIApplicationSupportsIndirectInputEvents = "YES"; INFOPLIST_KEY_UILaunchScreen_Generation = "YES"; INFOPLIST_KEY_UISupportedInterfaceOrientations = "UIInterfaceOrientationPortrait UIInterfaceOrientationLandscapeLeft UIInterfaceOrientationLandscapeRight"; MARKETING_VERSION = "0.1.0"; CURRENT_PROJECT_VERSION = "1"; }; name = Release; };
  000000000000000000000067 = { isa = XCConfigurationList; buildConfigurations = (00000000000000000000006E,00000000000000000000006F,); defaultConfigurationIsVisible = 0; defaultConfigurationName = Release; };
  000000000000000000000064 = { isa = PBXNativeTarget; buildConfigurationList = 000000000000000000000067; buildPhases = (000000000000000000000068,00000000000000000000006A,000000000000000000000069,); buildRules = (); dependencies = (); fileSystemSynchronizedGroups = (000000000000000000000065,); name = IDPhotoSpike; packageProductDependencies = (); productName = IDPhotoSpike; productReference = 000000000000000000000066; productType = "com.apple.product-type.application"; };
  0000000000000000000000C9 = { isa = PBXFileSystemSynchronizedRootGroup; path = Tests; sourceTree = "<group>"; };
  0000000000000000000000CA = { isa = PBXFileReference; explicitFileType = wrapper.cfbundle; includeInIndex = 0; path = IDPhotoSpikeTests.xctest; sourceTree = BUILT_PRODUCTS_DIR; };
  0000000000000000000000CC = { isa = PBXSourcesBuildPhase; buildActionMask = 2147483647; files = (); runOnlyForDeploymentPostprocessing = 0; };
  0000000000000000000000CD = { isa = PBXResourcesBuildPhase; buildActionMask = 2147483647; files = (); runOnlyForDeploymentPostprocessing = 0; };
  0000000000000000000000CE = { isa = PBXFrameworksBuildPhase; buildActionMask = 2147483647; files = (); runOnlyForDeploymentPostprocessing = 0; };
  0000000000000000000000CF = { isa = PBXContainerItemProxy; containerPortal = 000000000000000000000001; proxyType = 1; remoteGlobalIDString = 000000000000000000000064; remoteInfo = IDPhotoSpike; };
  0000000000000000000000D0 = { isa = PBXTargetDependency; target = 000000000000000000000064; targetProxy = 0000000000000000000000CF; };
  0000000000000000000000D2 = { isa = XCBuildConfiguration; buildSettings = { PRODUCT_BUNDLE_IDENTIFIER = "com.jarbasferro.IDPhotoSpikeTests"; PRODUCT_NAME = "$(TARGET_NAME)"; GENERATE_INFOPLIST_FILE = "YES"; CODE_SIGN_STYLE = "Automatic"; TARGETED_DEVICE_FAMILY = "1"; SWIFT_EMIT_LOC_STRINGS = "YES"; BUNDLE_LOADER = "$(TEST_HOST)"; TEST_HOST = "$(BUILT_PRODUCTS_DIR)/IDPhotoSpike.app/$(BUNDLE_EXECUTABLE_FOLDER_PATH)/IDPhotoSpike"; }; name = Debug; };
  0000000000000000000000D3 = { isa = XCBuildConfiguration; buildSettings = { PRODUCT_BUNDLE_IDENTIFIER = "com.jarbasferro.IDPhotoSpikeTests"; PRODUCT_NAME = "$(TARGET_NAME)"; GENERATE_INFOPLIST_FILE = "YES"; CODE_SIGN_STYLE = "Automatic"; TARGETED_DEVICE_FAMILY = "1"; SWIFT_EMIT_LOC_STRINGS = "YES"; BUNDLE_LOADER = "$(TEST_HOST)"; TEST_HOST = "$(BUILT_PRODUCTS_DIR)/IDPhotoSpike.app/$(BUNDLE_EXECUTABLE_FOLDER_PATH)/IDPhotoSpike"; }; name = Release; };
  0000000000000000000000CB = { isa = XCConfigurationList; buildConfigurations = (0000000000000000000000D2,0000000000000000000000D3,); defaultConfigurationIsVisible = 0; defaultConfigurationName = Release; };
  0000000000000000000000C8 = { isa = PBXNativeTarget; buildConfigurationList = 0000000000000000000000CB; buildPhases = (0000000000000000000000CC,0000000000000000000000CE,0000000000000000000000CD,); buildRules = (); dependencies = (0000000000000000000000D0,); fileSystemSynchronizedGroups = (0000000000000000000000C9,); name = IDPhotoSpikeTests; packageProductDependencies = (); productName = IDPhotoSpikeTests; productReference = 0000000000000000000000CA; productType = "com.apple.product-type.bundle.unit-test"; };
  00000000000000000000012D = { isa = PBXFileSystemSynchronizedRootGroup; path = UITests; sourceTree = "<group>"; };
  00000000000000000000012E = { isa = PBXFileReference; explicitFileType = wrapper.cfbundle; includeInIndex = 0; path = IDPhotoSpikeUITests.xctest; sourceTree = BUILT_PRODUCTS_DIR; };
  000000000000000000000130 = { isa = PBXSourcesBuildPhase; buildActionMask = 2147483647; files = (); runOnlyForDeploymentPostprocessing = 0; };
  000000000000000000000131 = { isa = PBXResourcesBuildPhase; buildActionMask = 2147483647; files = (); runOnlyForDeploymentPostprocessing = 0; };
  000000000000000000000132 = { isa = PBXFrameworksBuildPhase; buildActionMask = 2147483647; files = (); runOnlyForDeploymentPostprocessing = 0; };
  000000000000000000000133 = { isa = PBXContainerItemProxy; containerPortal = 000000000000000000000001; proxyType = 1; remoteGlobalIDString = 000000000000000000000064; remoteInfo = IDPhotoSpike; };
  000000000000000000000134 = { isa = PBXTargetDependency; target = 000000000000000000000064; targetProxy = 000000000000000000000133; };
  000000000000000000000136 = { isa = XCBuildConfiguration; buildSettings = { PRODUCT_BUNDLE_IDENTIFIER = "com.jarbasferro.IDPhotoSpikeUITests"; PRODUCT_NAME = "$(TARGET_NAME)"; GENERATE_INFOPLIST_FILE = "YES"; CODE_SIGN_STYLE = "Automatic"; TARGETED_DEVICE_FAMILY = "1"; SWIFT_EMIT_LOC_STRINGS = "YES"; TEST_TARGET_NAME = "IDPhotoSpike"; }; name = Debug; };
  000000000000000000000137 = { isa = XCBuildConfiguration; buildSettings = { PRODUCT_BUNDLE_IDENTIFIER = "com.jarbasferro.IDPhotoSpikeUITests"; PRODUCT_NAME = "$(TARGET_NAME)"; GENERATE_INFOPLIST_FILE = "YES"; CODE_SIGN_STYLE = "Automatic"; TARGETED_DEVICE_FAMILY = "1"; SWIFT_EMIT_LOC_STRINGS = "YES"; TEST_TARGET_NAME = "IDPhotoSpike"; }; name = Release; };
  00000000000000000000012F = { isa = XCConfigurationList; buildConfigurations = (000000000000000000000136,000000000000000000000137,); defaultConfigurationIsVisible = 0; defaultConfigurationName = Release; };
  00000000000000000000012C = { isa = PBXNativeTarget; buildConfigurationList = 00000000000000000000012F; buildPhases = (000000000000000000000130,000000000000000000000132,000000000000000000000131,); buildRules = (); dependencies = (000000000000000000000134,); fileSystemSynchronizedGroups = (00000000000000000000012D,); name = IDPhotoSpikeUITests; packageProductDependencies = (); productName = IDPhotoSpikeUITests; productReference = 00000000000000000000012E; productType = "com.apple.product-type.bundle.ui-testing"; };
  000000000000000000000002 = { isa = PBXGroup; children = (000000000000000000000065,0000000000000000000000C9,00000000000000000000012D,000000000000000000000003,); sourceTree = "<group>"; };
  000000000000000000000003 = { isa = PBXGroup; children = (000000000000000000000066,0000000000000000000000CA,00000000000000000000012E,); name = Products; sourceTree = "<group>"; };
  00000000000000000000000A = { isa = XCBuildConfiguration; buildSettings = { SDKROOT = "iphoneos"; IPHONEOS_DEPLOYMENT_TARGET = "26.0"; SWIFT_VERSION = "6.0"; SWIFT_STRICT_CONCURRENCY = "complete"; SWIFT_DEFAULT_ACTOR_ISOLATION = "nonisolated"; CLANG_ENABLE_MODULES = "YES"; CLANG_ENABLE_OBJC_ARC = "YES"; ENABLE_USER_SCRIPT_SANDBOXING = "YES"; LOCALIZATION_PREFERS_STRING_CATALOGS = "YES"; SUPPORTED_PLATFORMS = "iphoneos iphonesimulator"; SWIFT_OPTIMIZATION_LEVEL = "-Onone"; DEBUG_INFORMATION_FORMAT = "dwarf"; ENABLE_TESTABILITY = "YES"; SWIFT_ACTIVE_COMPILATION_CONDITIONS = "DEBUG $(inherited)"; ONLY_ACTIVE_ARCH = "YES"; }; name = Debug; };
  00000000000000000000000B = { isa = XCBuildConfiguration; buildSettings = { SDKROOT = "iphoneos"; IPHONEOS_DEPLOYMENT_TARGET = "26.0"; SWIFT_VERSION = "6.0"; SWIFT_STRICT_CONCURRENCY = "complete"; SWIFT_DEFAULT_ACTOR_ISOLATION = "nonisolated"; CLANG_ENABLE_MODULES = "YES"; CLANG_ENABLE_OBJC_ARC = "YES"; ENABLE_USER_SCRIPT_SANDBOXING = "YES"; LOCALIZATION_PREFERS_STRING_CATALOGS = "YES"; SUPPORTED_PLATFORMS = "iphoneos iphonesimulator"; SWIFT_OPTIMIZATION_LEVEL = "-O"; DEBUG_INFORMATION_FORMAT = "dwarf-with-dsym"; }; name = Release; };
  000000000000000000000004 = { isa = XCConfigurationList; buildConfigurations = (00000000000000000000000A,00000000000000000000000B,); defaultConfigurationIsVisible = 0; defaultConfigurationName = Release; };
  000000000000000000000001 = { isa = PBXProject; attributes = { BuildIndependentTargetsInParallel = YES; LastUpgradeCheck = 2700; }; buildConfigurationList = 000000000000000000000004; developmentRegion = en; hasScannedForEncodings = 0; knownRegions = (en, es, Base,); mainGroup = 000000000000000000000002; minimizedProjectReferenceProxies = 1; preferredProjectObjectVersion = 77; productRefGroup = 000000000000000000000003; projectDirPath = ""; projectRoot = ""; targets = (000000000000000000000064,0000000000000000000000C8,00000000000000000000012C,); };
 };
 rootObject = 000000000000000000000001;
}
