<?xml version="1.0" encoding="UTF-8"?>
<Scheme LastUpgradeVersion="2700" version="1.7">
  <BuildAction parallelizeBuildables="YES" buildImplicitDependencies="YES"><BuildActionEntries>
    <BuildActionEntry buildForTesting="YES" buildForRunning="YES" buildForProfiling="YES" buildForArchiving="YES" buildForAnalyzing="YES"><BuildableReference BuildableIdentifier="primary" BlueprintIdentifier="000000000000000000000064" BuildableName="IDPhotoSpike.app" BlueprintName="IDPhotoSpike" ReferencedContainer="container:IDPhotoSpike.xcodeproj"/></BuildActionEntry>
  </BuildActionEntries></BuildAction>
  <TestAction buildConfiguration="Debug" selectedDebuggerIdentifier="Xcode.DebuggerFoundation.Debugger.LLDB" selectedLauncherIdentifier="Xcode.IDEFoundation.Launcher.LLDB" shouldUseLaunchSchemeArgsEnv="YES"><Testables>
    <TestableReference skipped="NO"><BuildableReference BuildableIdentifier="primary" BlueprintIdentifier="0000000000000000000000C8" BuildableName="IDPhotoSpikeTests.xctest" BlueprintName="IDPhotoSpikeTests" ReferencedContainer="container:IDPhotoSpike.xcodeproj"/></TestableReference>
    <TestableReference skipped="NO"><BuildableReference BuildableIdentifier="primary" BlueprintIdentifier="00000000000000000000012C" BuildableName="IDPhotoSpikeUITests.xctest" BlueprintName="IDPhotoSpikeUITests" ReferencedContainer="container:IDPhotoSpike.xcodeproj"/></TestableReference>
  </Testables></TestAction>
  <LaunchAction buildConfiguration="Debug" selectedDebuggerIdentifier="Xcode.DebuggerFoundation.Debugger.LLDB" selectedLauncherIdentifier="Xcode.IDEFoundation.Launcher.LLDB" launchStyle="0" useCustomWorkingDirectory="NO" ignoresPersistentStateOnLaunch="NO" debugServiceExtension="internal" allowLocationSimulation="YES"><BuildableProductRunnable runnableDebuggingMode="0"><BuildableReference BuildableIdentifier="primary" BlueprintIdentifier="000000000000000000000064" BuildableName="IDPhotoSpike.app" BlueprintName="IDPhotoSpike" ReferencedContainer="container:IDPhotoSpike.xcodeproj"/></BuildableProductRunnable></LaunchAction>
  <ProfileAction buildConfiguration="Release" shouldUseLaunchSchemeArgsEnv="YES" savedToolIdentifier="" useCustomWorkingDirectory="NO"><BuildableProductRunnable runnableDebuggingMode="0"><BuildableReference BuildableIdentifier="primary" BlueprintIdentifier="000000000000000000000064" BuildableName="IDPhotoSpike.app" BlueprintName="IDPhotoSpike" ReferencedContainer="container:IDPhotoSpike.xcodeproj"/></BuildableProductRunnable></ProfileAction>
  <AnalyzeAction buildConfiguration="Debug"/>
  <ArchiveAction buildConfiguration="Release" revealArchiveInOrganizer="YES"/>
</Scheme>
